
Microsoft Visual Studio Solution File, Format Version 12.00
# Visual Studio Version 16
VisualStudioVersion = 16.0.30523.141
MinimumVisualStudioVersion = 10.0.40219.1
Project("{9A19103F-16F7-4668-BE54-9A1E7A4F7556}") = "WordsCount", "ConsoleApp1\WordsCount.csproj", "{8D420C70-8981-4C14-955D-FADDE825696D}"
EndProject
Global
	GlobalSection(SolutionConfigurationPlatforms) = preSolution
		Debug|Any CPU = Debug|Any CPU
		Release|Any CPU = Release|Any CPU
	EndGlobalSection
	GlobalSection(ProjectConfigurationPlatforms) = postSolution
		{8D420C70-8981-4C14-955D-FADDE825696D}.Debug|Any CPU.ActiveCfg = Debug|Any CPU
		{8D420C70-8981-4C14-955D-FADDE825696D}.Debug|Any CPU.Build.0 = Debug|Any CPU
		{8D420C70-8981-4C14-955D-FADDE825696D}.Release|Any CPU.ActiveCfg = Release|Any CPU
		{8D420C70-8981-4C14-955D-FADDE825696D}.Release|Any CPU.Build.0 = Release|Any CPU
	EndGlobalSection
	GlobalSection(SolutionProperties) = preSolution
		HideSolutionNode = FALSE
	EndGlobalSection
	GlobalSection(ExtensibilityGlobals) = postSolution
		SolutionGuid = {6263D334-D50E-49DD-9340-DD75B0090F60}
	EndGlobalSection
EndGlobal
